// !$*UTF8*$!
{
	archiveVersion = 1;
	classes = {
	};
	objectVersion = 46;
	objects = {

/* Begin PBXBuildFile section */
		2A0026771C213CA2003FD9D7 /* EmployeeInfo.m in Sources */ = {isa = PBXBuildFile; fileRef = 2A0026761C213CA2003FD9D7 /* EmployeeInfo.m */; };
		2A00267A1C213F53003FD9D7 /* OtherInfo.m in Sources */ = {isa = PBXBuildFile; fileRef = 2A0026791C213F53003FD9D7 /* OtherInfo.m */; };
		2A00267D1C213FA8003FD9D7 /* BasicInfo.m in Sources */ = {isa = PBXBuildFile; fileRef = 2A00267C1C213FA8003FD9D7 /* BasicInfo.m */; };
		2AE309121C2901E800E4B6D3 /* DraftTableViewCell.m in Sources */ = {isa = PBXBuildFile; fileRef = 2AE309101C2901E800E4B6D3 /* DraftTableViewCell.m */; };
		2AE309131C2901E800E4B6D3 /* DraftTableViewCell.xib in Resources */ = {isa = PBXBuildFile; fileRef = 2AE309111C2901E800E4B6D3 /* DraftTableViewCell.xib */; };
		2AE48E191C1FACC700C75735 /* LeftMenuViewController.m in Sources */ = {isa = PBXBuildFile; fileRef = 2AE48E181C1FACC700C75735 /* LeftMenuViewController.m */; };
		2AE48E1D1C1FB79300C75735 /* DataInputViewController.m in Sources */ = {isa = PBXBuildFile; fileRef = 2AE48E1B1C1FB79300C75735 /* DataInputViewController.m */; };
		2AE48E1E1C1FB79300C75735 /* DataInputViewController.xib in Resources */ = {isa = PBXBuildFile; fileRef = 2AE48E1C1C1FB79300C75735 /* DataInputViewController.xib */; };
		2AE48E221C1FBACE00C75735 /* ParamsSettingViewController.m in Sources */ = {isa = PBXBuildFile; fileRef = 2AE48E201C1FBACE00C75735 /* ParamsSettingViewController.m */; };
		2AE48E231C1FBACE00C75735 /* ParamsSettingViewController.xib in Resources */ = {isa = PBXBuildFile; fileRef = 2AE48E211C1FBACE00C75735 /* ParamsSettingViewController.xib */; };
		2AE48E261C1FE9CD00C75735 /* RootViewController.m in Sources */ = {isa = PBXBuildFile; fileRef = 2AE48E251C1FE9CD00C75735 /* RootViewController.m */; };
		2AE48E2A1C1FEB9300C75735 /* HistoryViewController.m in Sources */ = {isa = PBXBuildFile; fileRef = 2AE48E281C1FEB9300C75735 /* HistoryViewController.m */; };
		2AE48E2B1C1FEB9300C75735 /* HistoryViewController.xib in Resources */ = {isa = PBXBuildFile; fileRef = 2AE48E291C1FEB9300C75735 /* HistoryViewController.xib */; };
		2AE48E2E1C2004A100C75735 /* BaseViewController.m in Sources */ = {isa = PBXBuildFile; fileRef = 2AE48E2D1C2004A100C75735 /* BaseViewController.m */; };
		2AE7DF091C23A2AC00FCE112 /* OutputViewController.m in Sources */ = {isa = PBXBuildFile; fileRef = 2AE7DF071C23A2AC00FCE112 /* OutputViewController.m */; };
		2AE7DF0A1C23A2AC00FCE112 /* OutputViewController.xib in Resources */ = {isa = PBXBuildFile; fileRef = 2AE7DF081C23A2AC00FCE112 /* OutputViewController.xib */; };
		2AE7DF0D1C23A68500FCE112 /* OutputInfo.m in Sources */ = {isa = PBXBuildFile; fileRef = 2AE7DF0C1C23A68500FCE112 /* OutputInfo.m */; };
		2AE7DF141C23A85800FCE112 /* ChoseViewController.m in Sources */ = {isa = PBXBuildFile; fileRef = 2AE7DF121C23A85800FCE112 /* ChoseViewController.m */; };
		2AE7DF151C23A85800FCE112 /* ChoseViewController.xib in Resources */ = {isa = PBXBuildFile; fileRef = 2AE7DF131C23A85800FCE112 /* ChoseViewController.xib */; };
		2AE7DF191C23ECFA00FCE112 /* DraftListViewController.m in Sources */ = {isa = PBXBuildFile; fileRef = 2AE7DF171C23ECFA00FCE112 /* DraftListViewController.m */; };
		2AE7DF1A1C23ECFA00FCE112 /* DraftListViewController.xib in Resources */ = {isa = PBXBuildFile; fileRef = 2AE7DF181C23ECFA00FCE112 /* DraftListViewController.xib */; };
		2AE7DF1D1C24027C00FCE112 /* FileInfo.m in Sources */ = {isa = PBXBuildFile; fileRef = 2AE7DF1C1C24027C00FCE112 /* FileInfo.m */; };
		2AEB148C1C22A5F7007B85E9 /* CostViewController.m in Sources */ = {isa = PBXBuildFile; fileRef = 2AEB14881C22A5F7007B85E9 /* CostViewController.m */; };
		2AEB148D1C22A5F7007B85E9 /* EmployeeViewController.m in Sources */ = {isa = PBXBuildFile; fileRef = 2AEB148A1C22A5F7007B85E9 /* EmployeeViewController.m */; };
		2AEB148E1C22A5F7007B85E9 /* EmployeeViewController.xib in Resources */ = {isa = PBXBuildFile; fileRef = 2AEB148B1C22A5F7007B85E9 /* EmployeeViewController.xib */; };
		2AEB14901C22A7FE007B85E9 /* CostViewController.xib in Resources */ = {isa = PBXBuildFile; fileRef = 2AEB148F1C22A7FE007B85E9 /* CostViewController.xib */; };
		2AEB14941C22A9BF007B85E9 /* ValueViewController.m in Sources */ = {isa = PBXBuildFile; fileRef = 2AEB14921C22A9BF007B85E9 /* ValueViewController.m */; };
		2AEB14951C22A9BF007B85E9 /* ValueViewController.xib in Resources */ = {isa = PBXBuildFile; fileRef = 2AEB14931C22A9BF007B85E9 /* ValueViewController.xib */; };
		2AEB14991C22B055007B85E9 /* BasicInfoViewController.m in Sources */ = {isa = PBXBuildFile; fileRef = 2AEB14971C22B055007B85E9 /* BasicInfoViewController.m */; };
		2AEB149A1C22B055007B85E9 /* BasicInfoViewController.xib in Resources */ = {isa = PBXBuildFile; fileRef = 2AEB14981C22B055007B85E9 /* BasicInfoViewController.xib */; };
		2AEC26361C2BCE4500B42978 /* CalculateTask.m in Sources */ = {isa = PBXBuildFile; fileRef = 2AEC26331C2BCE4500B42978 /* CalculateTask.m */; };
		2AEC26371C2BCE4500B42978 /* LoginTask.m in Sources */ = {isa = PBXBuildFile; fileRef = 2AEC26351C2BCE4500B42978 /* LoginTask.m */; };
		2AF915E51C1EB0AA00237F17 /* main.m in Sources */ = {isa = PBXBuildFile; fileRef = 2AF915E41C1EB0AA00237F17 /* main.m */; };
		2AF915E81C1EB0AA00237F17 /* AppDelegate.m in Sources */ = {isa = PBXBuildFile; fileRef = 2AF915E71C1EB0AA00237F17 /* AppDelegate.m */; };
		2AF915EB1C1EB0AA00237F17 /* LoginViewController.m in Sources */ = {isa = PBXBuildFile; fileRef = 2AF915EA1C1EB0AA00237F17 /* LoginViewController.m */; };
		2AF915EE1C1EB0AA00237F17 /* Main.storyboard in Resources */ = {isa = PBXBuildFile; fileRef = 2AF915EC1C1EB0AA00237F17 /* Main.storyboard */; };
		2AF915F01C1EB0AA00237F17 /* Assets.xcassets in Resources */ = {isa = PBXBuildFile; fileRef = 2AF915EF1C1EB0AA00237F17 /* Assets.xcassets */; };
		2AF915F31C1EB0AA00237F17 /* LaunchScreen.storyboard in Resources */ = {isa = PBXBuildFile; fileRef = 2AF915F11C1EB0AA00237F17 /* LaunchScreen.storyboard */; };
		2AF916201C1EB11800237F17 /* MMDrawerBarButtonItem.m in Sources */ = {isa = PBXBuildFile; fileRef = 2AF916181C1EB11800237F17 /* MMDrawerBarButtonItem.m */; };
		2AF916211C1EB11800237F17 /* MMDrawerController.m in Sources */ = {isa = PBXBuildFile; fileRef = 2AF9161B1C1EB11800237F17 /* MMDrawerController.m */; };
		2AF916221C1EB11800237F17 /* MMDrawerVisualState.m in Sources */ = {isa = PBXBuildFile; fileRef = 2AF9161D1C1EB11800237F17 /* MMDrawerVisualState.m */; };
		2AF916231C1EB11800237F17 /* UIViewController+MMDrawerController.m in Sources */ = {isa = PBXBuildFile; fileRef = 2AF9161F1C1EB11800237F17 /* UIViewController+MMDrawerController.m */; };
		2AF916381C1EC07F00237F17 /* AFHTTPRequestOperation.m in Sources */ = {isa = PBXBuildFile; fileRef = 2AF916261C1EC07F00237F17 /* AFHTTPRequestOperation.m */; };
		2AF916391C1EC07F00237F17 /* AFHTTPRequestOperationManager.m in Sources */ = {isa = PBXBuildFile; fileRef = 2AF916281C1EC07F00237F17 /* AFHTTPRequestOperationManager.m */; };
		2AF9163A1C1EC07F00237F17 /* AFHTTPSessionManager.m in Sources */ = {isa = PBXBuildFile; fileRef = 2AF9162A1C1EC07F00237F17 /* AFHTTPSessionManager.m */; };
		2AF9163B1C1EC07F00237F17 /* AFNetworkReachabilityManager.m in Sources */ = {isa = PBXBuildFile; fileRef = 2AF9162D1C1EC07F00237F17 /* AFNetworkReachabilityManager.m */; };
		2AF9163C1C1EC07F00237F17 /* AFSecurityPolicy.m in Sources */ = {isa = PBXBuildFile; fileRef = 2AF9162F1C1EC07F00237F17 /* AFSecurityPolicy.m */; };
		2AF9163D1C1EC07F00237F17 /* AFURLConnectionOperation.m in Sources */ = {isa = PBXBuildFile; fileRef = 2AF916311C1EC07F00237F17 /* AFURLConnectionOperation.m */; };
		2AF9163E1C1EC07F00237F17 /* AFURLRequestSerialization.m in Sources */ = {isa = PBXBuildFile; fileRef = 2AF916331C1EC07F00237F17 /* AFURLRequestSerialization.m */; };
		2AF9163F1C1EC07F00237F17 /* AFURLResponseSerialization.m in Sources */ = {isa = PBXBuildFile; fileRef = 2AF916351C1EC07F00237F17 /* AFURLResponseSerialization.m */; };
		2AF916401C1EC07F00237F17 /* AFURLSessionManager.m in Sources */ = {isa = PBXBuildFile; fileRef = 2AF916371C1EC07F00237F17 /* AFURLSessionManager.m */; };
		2AF9164A1C1EC4F400237F17 /* Constants.m in Sources */ = {isa = PBXBuildFile; fileRef = 2AF916431C1EC4F400237F17 /* Constants.m */; };
		2AF9164B1C1EC4F400237F17 /* NetConnection.m in Sources */ = {isa = PBXBuildFile; fileRef = 2AF916451C1EC4F400237F17 /* NetConnection.m */; };
		2AF9164C1C1EC4F400237F17 /* UrlConstants.m in Sources */ = {isa = PBXBuildFile; fileRef = 2AF916471C1EC4F400237F17 /* UrlConstants.m */; };
		2AF9164D1C1EC4F400237F17 /* Utils.m in Sources */ = {isa = PBXBuildFile; fileRef = 2AF916491C1EC4F400237F17 /* Utils.m */; };
/* End PBXBuildFile section */

/* Begin PBXContainerItemProxy section */
		2AF915FA1C1EB0AA00237F17 /* PBXContainerItemProxy */ = {
			isa = PBXContainerItemProxy;
			containerPortal = 2AF915D81C1EB0AA00237F17 /* Project object */;
			proxyType = 1;
			remoteGlobalIDString = 2AF915DF1C1EB0AA00237F17;
			remoteInfo = KaimingShop;
		};
		2AF916051C1EB0AA00237F17 /* PBXContainerItemProxy */ = {
			isa = PBXContainerItemProxy;
			containerPortal = 2AF915D81C1EB0AA00237F17 /* Project object */;
			proxyType = 1;
			remoteGlobalIDString = 2AF915DF1C1EB0AA00237F17;
			remoteInfo = KaimingShop;
		};
/* End PBXContainerItemProxy section */

/* Begin PBXFileReference section */
		2A0026751C213CA2003FD9D7 /* EmployeeInfo.h */ = {isa = PBXFileReference; fileEncoding = 4; lastKnownFileType = sourcecode.c.h; path = EmployeeInfo.h; sourceTree = "<group>"; };
		2A0026761C213CA2003FD9D7 /* EmployeeInfo.m */ = {isa = PBXFileReference; fileEncoding = 4; lastKnownFileType = sourcecode.c.objc; path = EmployeeInfo.m; sourceTree = "<group>"; };
		2A0026781C213F53003FD9D7 /* OtherInfo.h */ = {isa = PBXFileReference; fileEncoding = 4; lastKnownFileType = sourcecode.c.h; path = OtherInfo.h; sourceTree = "<group>"; };
		2A0026791C213F53003FD9D7 /* OtherInfo.m */ = {isa = PBXFileReference; fileEncoding = 4; lastKnownFileType = sourcecode.c.objc; path = OtherInfo.m; sourceTree = "<group>"; };
		2A00267B1C213FA8003FD9D7 /* BasicInfo.h */ = {isa = PBXFileReference; fileEncoding = 4; lastKnownFileType = sourcecode.c.h; path = BasicInfo.h; sourceTree = "<group>"; };
		2A00267C1C213FA8003FD9D7 /* BasicInfo.m */ = {isa = PBXFileReference; fileEncoding = 4; lastKnownFileType = sourcecode.c.objc; path = BasicInfo.m; sourceTree = "<group>"; };
		2AE3090F1C2901E800E4B6D3 /* DraftTableViewCell.h */ = {isa = PBXFileReference; fileEncoding = 4; lastKnownFileType = sourcecode.c.h; path = DraftTableViewCell.h; sourceTree = "<group>"; };
		2AE309101C2901E800E4B6D3 /* DraftTableViewCell.m */ = {isa = PBXFileReference; fileEncoding = 4; lastKnownFileType = sourcecode.c.objc; path = DraftTableViewCell.m; sourceTree = "<group>"; };
		2AE309111C2901E800E4B6D3 /* DraftTableViewCell.xib */ = {isa = PBXFileReference; fileEncoding = 4; lastKnownFileType = file.xib; path = DraftTableViewCell.xib; sourceTree = "<group>"; };
		2AE48E171C1FACC700C75735 /* LeftMenuViewController.h */ = {isa = PBXFileReference; fileEncoding = 4; lastKnownFileType = sourcecode.c.h; path = LeftMenuViewController.h; sourceTree = "<group>"; };
		2AE48E181C1FACC700C75735 /* LeftMenuViewController.m */ = {isa = PBXFileReference; fileEncoding = 4; lastKnownFileType = sourcecode.c.objc; path = LeftMenuViewController.m; sourceTree = "<group>"; };
		2AE48E1A1C1FB79300C75735 /* DataInputViewController.h */ = {isa = PBXFileReference; fileEncoding = 4; lastKnownFileType = sourcecode.c.h; path = DataInputViewController.h; sourceTree = "<group>"; };
		2AE48E1B1C1FB79300C75735 /* DataInputViewController.m */ = {isa = PBXFileReference; fileEncoding = 4; lastKnownFileType = sourcecode.c.objc; path = DataInputViewController.m; sourceTree = "<group>"; };
		2AE48E1C1C1FB79300C75735 /* DataInputViewController.xib */ = {isa = PBXFileReference; fileEncoding = 4; lastKnownFileType = file.xib; path = DataInputViewController.xib; sourceTree = "<group>"; };
		2AE48E1F1C1FBACE00C75735 /* ParamsSettingViewController.h */ = {isa = PBXFileReference; fileEncoding = 4; lastKnownFileType = sourcecode.c.h; path = ParamsSettingViewController.h; sourceTree = "<group>"; };
		2AE48E201C1FBACE00C75735 /* ParamsSettingViewController.m */ = {isa = PBXFileReference; fileEncoding = 4; lastKnownFileType = sourcecode.c.objc; path = ParamsSettingViewController.m; sourceTree = "<group>"; };
		2AE48E211C1FBACE00C75735 /* ParamsSettingViewController.xib */ = {isa = PBXFileReference; fileEncoding = 4; lastKnownFileType = file.xib; path = ParamsSettingViewController.xib; sourceTree = "<group>"; };
		2AE48E241C1FE9CD00C75735 /* RootViewController.h */ = {isa = PBXFileReference; fileEncoding = 4; lastKnownFileType = sourcecode.c.h; path = RootViewController.h; sourceTree = "<group>"; };
		2AE48E251C1FE9CD00C75735 /* RootViewController.m */ = {isa = PBXFileReference; fileEncoding = 4; lastKnownFileType = sourcecode.c.objc; path = RootViewController.m; sourceTree = "<group>"; };
		2AE48E271C1FEB9300C75735 /* HistoryViewController.h */ = {isa = PBXFileReference; fileEncoding = 4; lastKnownFileType = sourcecode.c.h; path = HistoryViewController.h; sourceTree = "<group>"; };
		2AE48E281C1FEB9300C75735 /* HistoryViewController.m */ = {isa = PBXFileReference; fileEncoding = 4; lastKnownFileType = sourcecode.c.objc; path = HistoryViewController.m; sourceTree = "<group>"; };
		2AE48E291C1FEB9300C75735 /* HistoryViewController.xib */ = {isa = PBXFileReference; fileEncoding = 4; lastKnownFileType = file.xib; path = HistoryViewController.xib; sourceTree = "<group>"; };
		2AE48E2C1C2004A100C75735 /* BaseViewController.h */ = {isa = PBXFileReference; fileEncoding = 4; lastKnownFileType = sourcecode.c.h; path = BaseViewController.h; sourceTree = "<group>"; };
		2AE48E2D1C2004A100C75735 /* BaseViewController.m */ = {isa = PBXFileReference; fileEncoding = 4; lastKnownFileType = sourcecode.c.objc; path = BaseViewController.m; sourceTree = "<group>"; };
		2AE7DF061C23A2AC00FCE112 /* OutputViewController.h */ = {isa = PBXFileReference; fileEncoding = 4; lastKnownFileType = sourcecode.c.h; path = OutputViewController.h; sourceTree = "<group>"; };
		2AE7DF071C23A2AC00FCE112 /* OutputViewController.m */ = {isa = PBXFileReference; fileEncoding = 4; lastKnownFileType = sourcecode.c.objc; path = OutputViewController.m; sourceTree = "<group>"; };
		2AE7DF081C23A2AC00FCE112 /* OutputViewController.xib */ = {isa = PBXFileReference; fileEncoding = 4; lastKnownFileType = file.xib; path = OutputViewController.xib; sourceTree = "<group>"; };
		2AE7DF0B1C23A68500FCE112 /* OutputInfo.h */ = {isa = PBXFileReference; fileEncoding = 4; lastKnownFileType = sourcecode.c.h; path = OutputInfo.h; sourceTree = "<group>"; };
		2AE7DF0C1C23A68500FCE112 /* OutputInfo.m */ = {isa = PBXFileReference; fileEncoding = 4; lastKnownFileType = sourcecode.c.objc; path = OutputInfo.m; sourceTree = "<group>"; };
		2AE7DF111C23A85800FCE112 /* ChoseViewController.h */ = {isa = PBXFileReference; fileEncoding = 4; lastKnownFileType = sourcecode.c.h; path = ChoseViewController.h; sourceTree = "<group>"; };
		2AE7DF121C23A85800FCE112 /* ChoseViewController.m */ = {isa = PBXFileReference; fileEncoding = 4; lastKnownFileType = sourcecode.c.objc; path = ChoseViewController.m; sourceTree = "<group>"; };
		2AE7DF131C23A85800FCE112 /* ChoseViewController.xib */ = {isa = PBXFileReference; fileEncoding = 4; lastKnownFileType = file.xib; path = ChoseViewController.xib; sourceTree = "<group>"; };
		2AE7DF161C23ECFA00FCE112 /* DraftListViewController.h */ = {isa = PBXFileReference; fileEncoding = 4; lastKnownFileType = sourcecode.c.h; path = DraftListViewController.h; sourceTree = "<group>"; };
		2AE7DF171C23ECFA00FCE112 /* DraftListViewController.m */ = {isa = PBXFileReference; fileEncoding = 4; lastKnownFileType = sourcecode.c.objc; path = DraftListViewController.m; sourceTree = "<group>"; };
		2AE7DF181C23ECFA00FCE112 /* DraftListViewController.xib */ = {isa = PBXFileReference; fileEncoding = 4; lastKnownFileType = file.xib; path = DraftListViewController.xib; sourceTree = "<group>"; };
		2AE7DF1B1C24027C00FCE112 /* FileInfo.h */ = {isa = PBXFileReference; fileEncoding = 4; lastKnownFileType = sourcecode.c.h; path = FileInfo.h; sourceTree = "<group>"; };
		2AE7DF1C1C24027C00FCE112 /* FileInfo.m */ = {isa = PBXFileReference; fileEncoding = 4; lastKnownFileType = sourcecode.c.objc; path = FileInfo.m; sourceTree = "<group>"; };
		2AEB14871C22A5F7007B85E9 /* CostViewController.h */ = {isa = PBXFileReference; fileEncoding = 4; lastKnownFileType = sourcecode.c.h; path = CostViewController.h; sourceTree = "<group>"; };
		2AEB14881C22A5F7007B85E9 /* CostViewController.m */ = {isa = PBXFileReference; fileEncoding = 4; lastKnownFileType = sourcecode.c.objc; path = CostViewController.m; sourceTree = "<group>"; };
		2AEB14891C22A5F7007B85E9 /* EmployeeViewController.h */ = {isa = PBXFileReference; fileEncoding = 4; lastKnownFileType = sourcecode.c.h; path = EmployeeViewController.h; sourceTree = "<group>"; };
		2AEB148A1C22A5F7007B85E9 /* EmployeeViewController.m */ = {isa = PBXFileReference; fileEncoding = 4; lastKnownFileType = sourcecode.c.objc; path = EmployeeViewController.m; sourceTree = "<group>"; };
		2AEB148B1C22A5F7007B85E9 /* EmployeeViewController.xib */ = {isa = PBXFileReference; fileEncoding = 4; lastKnownFileType = file.xib; path = EmployeeViewController.xib; sourceTree = "<group>"; };
		2AEB148F1C22A7FE007B85E9 /* CostViewController.xib */ = {isa = PBXFileReference; fileEncoding = 4; lastKnownFileType = file.xib; path = CostViewController.xib; sourceTree = "<group>"; };
		2AEB14911C22A9BF007B85E9 /* ValueViewController.h */ = {isa = PBXFileReference; fileEncoding = 4; lastKnownFileType = sourcecode.c.h; path = ValueViewController.h; sourceTree = "<group>"; };
		2AEB14921C22A9BF007B85E9 /* ValueViewController.m */ = {isa = PBXFileReference; fileEncoding = 4; lastKnownFileType = sourcecode.c.objc; path = ValueViewController.m; sourceTree = "<group>"; };
		2AEB14931C22A9BF007B85E9 /* ValueViewController.xib */ = {isa = PBXFileReference; fileEncoding = 4; lastKnownFileType = file.xib; path = ValueViewController.xib; sourceTree = "<group>"; };
		2AEB14961C22B055007B85E9 /* BasicInfoViewController.h */ = {isa = PBXFileReference; fileEncoding = 4; lastKnownFileType = sourcecode.c.h; path = BasicInfoViewController.h; sourceTree = "<group>"; };
		2AEB14971C22B055007B85E9 /* BasicInfoViewController.m */ = {isa = PBXFileReference; fileEncoding = 4; lastKnownFileType = sourcecode.c.objc; path = BasicInfoViewController.m; sourceTree = "<group>"; };
		2AEB14981C22B055007B85E9 /* BasicInfoViewController.xib */ = {isa = PBXFileReference; fileEncoding = 4; lastKnownFileType = file.xib; path = BasicInfoViewController.xib; sourceTree = "<group>"; };
		2AEC26321C2BCE4500B42978 /* CalculateTask.h */ = {isa = PBXFileReference; fileEncoding = 4; lastKnownFileType = sourcecode.c.h; path = CalculateTask.h; sourceTree = "<group>"; };
		2AEC26331C2BCE4500B42978 /* CalculateTask.m */ = {isa = PBXFileReference; fileEncoding = 4; lastKnownFileType = sourcecode.c.objc; path = CalculateTask.m; sourceTree = "<group>"; };
		2AEC26341C2BCE4500B42978 /* LoginTask.h */ = {isa = PBXFileReference; fileEncoding = 4; lastKnownFileType = sourcecode.c.h; path = LoginTask.h; sourceTree = "<group>"; };
		2AEC26351C2BCE4500B42978 /* LoginTask.m */ = {isa = PBXFileReference; fileEncoding = 4; lastKnownFileType = sourcecode.c.objc; path = LoginTask.m; sourceTree = "<group>"; };
		2AF915E01C1EB0AA00237F17 /* ZhimingShop.app */ = {isa = PBXFileReference; explicitFileType = wrapper.application; includeInIndex = 0; path = ZhimingShop.app; sourceTree = BUILT_PRODUCTS_DIR; };
		2AF915E41C1EB0AA00237F17 /* main.m */ = {isa = PBXFileReference; lastKnownFileType = sourcecode.c.objc; path = main.m; sourceTree = "<group>"; };
		2AF915E61C1EB0AA00237F17 /* AppDelegate.h */ = {isa = PBXFileReference; lastKnownFileType = sourcecode.c.h; path = AppDelegate.h; sourceTree = "<group>"; };
		2AF915E71C1EB0AA00237F17 /* AppDelegate.m */ = {isa = PBXFileReference; lastKnownFileType = sourcecode.c.objc; path = AppDelegate.m; sourceTree = "<group>"; };
		2AF915E91C1EB0AA00237F17 /* LoginViewController.h */ = {isa = PBXFileReference; lastKnownFileType = sourcecode.c.h; path = LoginViewController.h; sourceTree = "<group>"; };
		2AF915EA1C1EB0AA00237F17 /* LoginViewController.m */ = {isa = PBXFileReference; lastKnownFileType = sourcecode.c.objc; path = LoginViewController.m; sourceTree = "<group>"; };
		2AF915ED1C1EB0AA00237F17 /* Base */ = {isa = PBXFileReference; lastKnownFileType = file.storyboard; name = Base; path = Base.lproj/Main.storyboard; sourceTree = "<group>"; };
		2AF915EF1C1EB0AA00237F17 /* Assets.xcassets */ = {isa = PBXFileReference; lastKnownFileType = folder.assetcatalog; path = Assets.xcassets; sourceTree = "<group>"; };
		2AF915F21C1EB0AA00237F17 /* Base */ = {isa = PBXFileReference; lastKnownFileType = file.storyboard; name = Base; path = Base.lproj/LaunchScreen.storyboard; sourceTree = "<group>"; };
		2AF915F41C1EB0AA00237F17 /* Info.plist */ = {isa = PBXFileReference; lastKnownFileType = text.plist.xml; path = Info.plist; sourceTree = "<group>"; };
		2AF915F91C1EB0AA00237F17 /* ZhimingShopTests.xctest */ = {isa = PBXFileReference; explicitFileType = wrapper.cfbundle; includeInIndex = 0; path = ZhimingShopTests.xctest; sourceTree = BUILT_PRODUCTS_DIR; };
		2AF916041C1EB0AA00237F17 /* ZhimingShopUITests.xctest */ = {isa = PBXFileReference; explicitFileType = wrapper.cfbundle; includeInIndex = 0; path = ZhimingShopUITests.xctest; sourceTree = BUILT_PRODUCTS_DIR; };
		2AF916171C1EB11800237F17 /* MMDrawerBarButtonItem.h */ = {isa = PBXFileReference; fileEncoding = 4; lastKnownFileType = sourcecode.c.h; path = MMDrawerBarButtonItem.h; sourceTree = "<group>"; };
		2AF916181C1EB11800237F17 /* MMDrawerBarButtonItem.m */ = {isa = PBXFileReference; fileEncoding = 4; lastKnownFileType = sourcecode.c.objc; path = MMDrawerBarButtonItem.m; sourceTree = "<group>"; };
		2AF916191C1EB11800237F17 /* MMDrawerController+Subclass.h */ = {isa = PBXFileReference; fileEncoding = 4; lastKnownFileType = sourcecode.c.h; path = "MMDrawerController+Subclass.h"; sourceTree = "<group>"; };
		2AF9161A1C1EB11800237F17 /* MMDrawerController.h */ = {isa = PBXFileReference; fileEncoding = 4; lastKnownFileType = sourcecode.c.h; path = MMDrawerController.h; sourceTree = "<group>"; };
		2AF9161B1C1EB11800237F17 /* MMDrawerController.m */ = {isa = PBXFileReference; fileEncoding = 4; lastKnownFileType = sourcecode.c.objc; path = MMDrawerController.m; sourceTree = "<group>"; };
		2AF9161C1C1EB11800237F17 /* MMDrawerVisualState.h */ = {isa = PBXFileReference; fileEncoding = 4; lastKnownFileType = sourcecode.c.h; path = MMDrawerVisualState.h; sourceTree = "<group>"; };
		2AF9161D1C1EB11800237F17 /* MMDrawerVisualState.m */ = {isa = PBXFileReference; fileEncoding = 4; lastKnownFileType = sourcecode.c.objc; path = MMDrawerVisualState.m; sourceTree = "<group>"; };
		2AF9161E1C1EB11800237F17 /* UIViewController+MMDrawerController.h */ = {isa = PBXFileReference; fileEncoding = 4; lastKnownFileType = sourcecode.c.h; path = "UIViewController+MMDrawerController.h"; sourceTree = "<group>"; };
		2AF9161F1C1EB11800237F17 /* UIViewController+MMDrawerController.m */ = {isa = PBXFileReference; fileEncoding = 4; lastKnownFileType = sourcecode.c.objc; path = "UIViewController+MMDrawerController.m"; sourceTree = "<group>"; };
		2AF916251C1EC07F00237F17 /* AFHTTPRequestOperation.h */ = {isa = PBXFileReference; fileEncoding = 4; lastKnownFileType = sourcecode.c.h; path = AFHTTPRequestOperation.h; sourceTree = "<group>"; };
		2AF916261C1EC07F00237F17 /* AFHTTPRequestOperation.m */ = {isa = PBXFileReference; fileEncoding = 4; lastKnownFileType = sourcecode.c.objc; path = AFHTTPRequestOperation.m; sourceTree = "<group>"; };
		2AF916271C1EC07F00237F17 /* AFHTTPRequestOperationManager.h */ = {isa = PBXFileReference; fileEncoding = 4; lastKnownFileType = sourcecode.c.h; path = AFHTTPRequestOperationManager.h; sourceTree = "<group>"; };
		2AF916281C1EC07F00237F17 /* AFHTTPRequestOperationManager.m */ = {isa = PBXFileReference; fileEncoding = 4; lastKnownFileType = sourcecode.c.objc; path = AFHTTPRequestOperationManager.m; sourceTree = "<group>"; };
		2AF916291C1EC07F00237F17 /* AFHTTPSessionManager.h */ = {isa = PBXFileReference; fileEncoding = 4; lastKnownFileType = sourcecode.c.h; path = AFHTTPSessionManager.h; sourceTree = "<group>"; };
		2AF9162A1C1EC07F00237F17 /* AFHTTPSessionManager.m */ = {isa = PBXFileReference; fileEncoding = 4; lastKnownFileType = sourcecode.c.objc; path = AFHTTPSessionManager.m; sourceTree = "<group>"; };
		2AF9162B1C1EC07F00237F17 /* AFNetworking.h */ = {isa = PBXFileReference; fileEncoding = 4; lastKnownFileType = sourcecode.c.h; path = AFNetworking.h; sourceTree = "<group>"; };
		2AF9162C1C1EC07F00237F17 /* AFNetworkReachabilityManager.h */ = {isa = PBXFileReference; fileEncoding = 4; lastKnownFileType = sourcecode.c.h; path = AFNetworkReachabilityManager.h; sourceTree = "<group>"; };
		2AF9162D1C1EC07F00237F17 /* AFNetworkReachabilityManager.m */ = {isa = PBXFileReference; fileEncoding = 4; lastKnownFileType = sourcecode.c.objc; path = AFNetworkReachabilityManager.m; sourceTree = "<group>"; };
		2AF9162E1C1EC07F00237F17 /* AFSecurityPolicy.h */ = {isa = PBXFileReference; fileEncoding = 4; lastKnownFileType = sourcecode.c.h; path = AFSecurityPolicy.h; sourceTree = "<group>"; };
		2AF9162F1C1EC07F00237F17 /* AFSecurityPolicy.m */ = {isa = PBXFileReference; fileEncoding = 4; lastKnownFileType = sourcecode.c.objc; path = AFSecurityPolicy.m; sourceTree = "<group>"; };
		2AF916301C1EC07F00237F17 /* AFURLConnectionOperation.h */ = {isa = PBXFileReference; fileEncoding = 4; lastKnownFileType = sourcecode.c.h; path = AFURLConnectionOperation.h; sourceTree = "<group>"; };
		2AF916311C1EC07F00237F17 /* AFURLConnectionOperation.m */ = {isa = PBXFileReference; fileEncoding = 4; lastKnownFileType = sourcecode.c.objc; path = AFURLConnectionOperation.m; sourceTree = "<group>"; };
		2AF916321C1EC07F00237F17 /* AFURLRequestSerialization.h */ = {isa = PBXFileReference; fileEncoding = 4; lastKnownFileType = sourcecode.c.h; path = AFURLRequestSerialization.h; sourceTree = "<group>"; };
		2AF916331C1EC07F00237F17 /* AFURLRequestSerialization.m */ = {isa = PBXFileReference; fileEncoding = 4; lastKnownFileType = sourcecode.c.objc; path = AFURLRequestSerialization.m; sourceTree = "<group>"; };
		2AF916341C1EC07F00237F17 /* AFURLResponseSerialization.h */ = {isa = PBXFileReference; fileEncoding = 4; lastKnownFileType = sourcecode.c.h; path = AFURLResponseSerialization.h; sourceTree = "<group>"; };
		2AF916351C1EC07F00237F17 /* AFURLResponseSerialization.m */ = {isa = PBXFileReference; fileEncoding = 4; lastKnownFileType = sourcecode.c.objc; path = AFURLResponseSerialization.m; sourceTree = "<group>"; };
		2AF916361C1EC07F00237F17 /* AFURLSessionManager.h */ = {isa = PBXFileReference; fileEncoding = 4; lastKnownFileType = sourcecode.c.h; path = AFURLSessionManager.h; sourceTree = "<group>"; };
		2AF916371C1EC07F00237F17 /* AFURLSessionManager.m */ = {isa = PBXFileReference; fileEncoding = 4; lastKnownFileType = sourcecode.c.objc; path = AFURLSessionManager.m; sourceTree = "<group>"; };
		2AF916421C1EC4F400237F17 /* Constants.h */ = {isa = PBXFileReference; fileEncoding = 4; lastKnownFileType = sourcecode.c.h; path = Constants.h; sourceTree = "<group>"; };
		2AF916431C1EC4F400237F17 /* Constants.m */ = {isa = PBXFileReference; fileEncoding = 4; lastKnownFileType = sourcecode.c.objc; path = Constants.m; sourceTree = "<group>"; };
		2AF916441C1EC4F400237F17 /* NetConnection.h */ = {isa = PBXFileReference; fileEncoding = 4; lastKnownFileType = sourcecode.c.h; path = NetConnection.h; sourceTree = "<group>"; };
		2AF916451C1EC4F400237F17 /* NetConnection.m */ = {isa = PBXFileReference; fileEncoding = 4; lastKnownFileType = sourcecode.c.objc; path = NetConnection.m; sourceTree = "<group>"; };
		2AF916461C1EC4F400237F17 /* UrlConstants.h */ = {isa = PBXFileReference; fileEncoding = 4; lastKnownFileType = sourcecode.c.h; path = UrlConstants.h; sourceTree = "<group>"; };
		2AF916471C1EC4F400237F17 /* UrlConstants.m */ = {isa = PBXFileReference; fileEncoding = 4; lastKnownFileType = sourcecode.c.objc; path = UrlConstants.m; sourceTree = "<group>"; };
		2AF916481C1EC4F400237F17 /* Utils.h */ = {isa = PBXFileReference; fileEncoding = 4; lastKnownFileType = sourcecode.c.h; path = Utils.h; sourceTree = "<group>"; };
		2AF916491C1EC4F400237F17 /* Utils.m */ = {isa = PBXFileReference; fileEncoding = 4; lastKnownFileType = sourcecode.c.objc; path = Utils.m; sourceTree = "<group>"; };
/* End PBXFileReference section */

/* Begin PBXFrameworksBuildPhase section */
		2AF915DD1C1EB0AA00237F17 /* Frameworks */ = {
			isa = PBXFrameworksBuildPhase;
			buildActionMask = 2147483647;
			files = (
			);
			runOnlyForDeploymentPostprocessing = 0;
		};
		2AF915F61C1EB0AA00237F17 /* Frameworks */ = {
			isa = PBXFrameworksBuildPhase;
			buildActionMask = 2147483647;
			files = (
			);
			runOnlyForDeploymentPostprocessing = 0;
		};
		2AF916011C1EB0AA00237F17 /* Frameworks */ = {
			isa = PBXFrameworksBuildPhase;
			buildActionMask = 2147483647;
			files = (
			);
			runOnlyForDeploymentPostprocessing = 0;
		};
/* End PBXFrameworksBuildPhase section */

/* Begin PBXGroup section */
		2A0026691C213BEE003FD9D7 /* Info */ = {
			isa = PBXGroup;
			children = (
				2A0026751C213CA2003FD9D7 /* EmployeeInfo.h */,
				2A0026761C213CA2003FD9D7 /* EmployeeInfo.m */,
				2A0026781C213F53003FD9D7 /* OtherInfo.h */,
				2A0026791C213F53003FD9D7 /* OtherInfo.m */,
				2A00267B1C213FA8003FD9D7 /* BasicInfo.h */,
				2A00267C1C213FA8003FD9D7 /* BasicInfo.m */,
				2AE7DF0B1C23A68500FCE112 /* OutputInfo.h */,
				2AE7DF0C1C23A68500FCE112 /* OutputInfo.m */,
				2AE7DF1B1C24027C00FCE112 /* FileInfo.h */,
				2AE7DF1C1C24027C00FCE112 /* FileInfo.m */,
			);
			path = Info;
			sourceTree = "<group>";
		};
		2A00267E1C214E6E003FD9D7 /* EditPage */ = {
			isa = PBXGroup;
			children = (
				2AEB14871C22A5F7007B85E9 /* CostViewController.h */,
				2AEB14881C22A5F7007B85E9 /* CostViewController.m */,
				2AEB148F1C22A7FE007B85E9 /* CostViewController.xib */,
				2AEB14891C22A5F7007B85E9 /* EmployeeViewController.h */,
				2AEB148A1C22A5F7007B85E9 /* EmployeeViewController.m */,
				2AEB148B1C22A5F7007B85E9 /* EmployeeViewController.xib */,
				2AEB14911C22A9BF007B85E9 /* ValueViewController.h */,
				2AEB14921C22A9BF007B85E9 /* ValueViewController.m */,
				2AEB14931C22A9BF007B85E9 /* ValueViewController.xib */,
				2AEB14961C22B055007B85E9 /* BasicInfoViewController.h */,
				2AEB14971C22B055007B85E9 /* BasicInfoViewController.m */,
				2AEB14981C22B055007B85E9 /* BasicInfoViewController.xib */,
				2AE7DF111C23A85800FCE112 /* ChoseViewController.h */,
				2AE7DF121C23A85800FCE112 /* ChoseViewController.m */,
				2AE7DF131C23A85800FCE112 /* ChoseViewController.xib */,
			);
			path = EditPage;
			sourceTree = "<group>";
		};
		2AE3090E1C2901BC00E4B6D3 /* Cell */ = {
			isa = PBXGroup;
			children = (
				2AE3090F1C2901E800E4B6D3 /* DraftTableViewCell.h */,
				2AE309101C2901E800E4B6D3 /* DraftTableViewCell.m */,
				2AE309111C2901E800E4B6D3 /* DraftTableViewCell.xib */,
			);
			path = Cell;
			sourceTree = "<group>";
		};
		2AEC26311C2BCE4500B42978 /* Task */ = {
			isa = PBXGroup;
			children = (
				2AEC26321C2BCE4500B42978 /* CalculateTask.h */,
				2AEC26331C2BCE4500B42978 /* CalculateTask.m */,
				2AEC26341C2BCE4500B42978 /* LoginTask.h */,
				2AEC26351C2BCE4500B42978 /* LoginTask.m */,
			);
			path = Task;
			sourceTree = "<group>";
		};
		2AF915D71C1EB0AA00237F17 = {
			isa = PBXGroup;
			children = (
				2AF915E21C1EB0AA00237F17 /* ZhimingShop */,
				2AF915E11C1EB0AA00237F17 /* Products */,
			);
			sourceTree = "<group>";
		};
		2AF915E11C1EB0AA00237F17 /* Products */ = {
			isa = PBXGroup;
			children = (
				2AF915E01C1EB0AA00237F17 /* ZhimingShop.app */,
				2AF915F91C1EB0AA00237F17 /* ZhimingShopTests.xctest */,
				2AF916041C1EB0AA00237F17 /* ZhimingShopUITests.xctest */,
			);
			name = Products;
			sourceTree = "<group>";
		};
		2AF915E21C1EB0AA00237F17 /* ZhimingShop */ = {
			isa = PBXGroup;
			children = (
				2AEC26311C2BCE4500B42978 /* Task */,
				2AE3090E1C2901BC00E4B6D3 /* Cell */,
				2A00267E1C214E6E003FD9D7 /* EditPage */,
				2AF916411C1EC4F400237F17 /* Utils */,
				2AF916241C1EC07F00237F17 /* AFNetworking */,
				2AF916161C1EB11800237F17 /* MMDrawerController */,
				2A0026691C213BEE003FD9D7 /* Info */,
				2AF915E61C1EB0AA00237F17 /* AppDelegate.h */,
				2AF915E71C1EB0AA00237F17 /* AppDelegate.m */,
				2AF915E91C1EB0AA00237F17 /* LoginViewController.h */,
				2AF915EA1C1EB0AA00237F17 /* LoginViewController.m */,
				2AE48E171C1FACC700C75735 /* LeftMenuViewController.h */,
				2AE48E181C1FACC700C75735 /* LeftMenuViewController.m */,
				2AE48E241C1FE9CD00C75735 /* RootViewController.h */,
				2AE48E251C1FE9CD00C75735 /* RootViewController.m */,
				2AE48E2C1C2004A100C75735 /* BaseViewController.h */,
				2AE48E2D1C2004A100C75735 /* BaseViewController.m */,
				2AE48E1A1C1FB79300C75735 /* DataInputViewController.h */,
				2AE48E1B1C1FB79300C75735 /* DataInputViewController.m */,
				2AE48E1C1C1FB79300C75735 /* DataInputViewController.xib */,
				2AE48E1F1C1FBACE00C75735 /* ParamsSettingViewController.h */,
				2AE48E201C1FBACE00C75735 /* ParamsSettingViewController.m */,
				2AE48E211C1FBACE00C75735 /* ParamsSettingViewController.xib */,
				2AE48E271C1FEB9300C75735 /* HistoryViewController.h */,
				2AE48E281C1FEB9300C75735 /* HistoryViewController.m */,
				2AE48E291C1FEB9300C75735 /* HistoryViewController.xib */,
				2AE7DF161C23ECFA00FCE112 /* DraftListViewController.h */,
				2AE7DF171C23ECFA00FCE112 /* DraftListViewController.m */,
				2AE7DF181C23ECFA00FCE112 /* DraftListViewController.xib */,
				2AE7DF061C23A2AC00FCE112 /* OutputViewController.h */,
				2AE7DF071C23A2AC00FCE112 /* OutputViewController.m */,
				2AE7DF081C23A2AC00FCE112 /* OutputViewController.xib */,
				2AF915EC1C1EB0AA00237F17 /* Main.storyboard */,
				2AF915EF1C1EB0AA00237F17 /* Assets.xcassets */,
				2AF915F11C1EB0AA00237F17 /* LaunchScreen.storyboard */,
				2AF915E31C1EB0AA00237F17 /* Supporting Files */,
			);
			name = ZhimingShop;
			path = ZhiimingShop;
			sourceTree = "<group>";
		};
		2AF915E31C1EB0AA00237F17 /* Supporting Files */ = {
			isa = PBXGroup;
			children = (
				2AF915F41C1EB0AA00237F17 /* Info.plist */,
				2AF915E41C1EB0AA00237F17 /* main.m */,
			);
			name = "Supporting Files";
			sourceTree = "<group>";
		};
		2AF916161C1EB11800237F17 /* MMDrawerController */ = {
			isa = PBXGroup;
			children = (
				2AF916171C1EB11800237F17 /* MMDrawerBarButtonItem.h */,
				2AF916181C1EB11800237F17 /* MMDrawerBarButtonItem.m */,
				2AF916191C1EB11800237F17 /* MMDrawerController+Subclass.h */,
				2AF9161A1C1EB11800237F17 /* MMDrawerController.h */,
				2AF9161B1C1EB11800237F17 /* MMDrawerController.m */,
				2AF9161C1C1EB11800237F17 /* MMDrawerVisualState.h */,
				2AF9161D1C1EB11800237F17 /* MMDrawerVisualState.m */,
				2AF9161E1C1EB11800237F17 /* UIViewController+MMDrawerController.h */,
				2AF9161F1C1EB11800237F17 /* UIViewController+MMDrawerController.m */,
			);
			path = MMDrawerController;
			sourceTree = "<group>";
		};
		2AF916241C1EC07F00237F17 /* AFNetworking */ = {
			isa = PBXGroup;
			children = (
				2AF916251C1EC07F00237F17 /* AFHTTPRequestOperation.h */,
				2AF916261C1EC07F00237F17 /* AFHTTPRequestOperation.m */,
				2AF916271C1EC07F00237F17 /* AFHTTPRequestOperationManager.h */,
				2AF916281C1EC07F00237F17 /* AFHTTPRequestOperationManager.m */,
				2AF916291C1EC07F00237F17 /* AFHTTPSessionManager.h */,
				2AF9162A1C1EC07F00237F17 /* AFHTTPSessionManager.m */,
				2AF9162B1C1EC07F00237F17 /* AFNetworking.h */,
				2AF9162C1C1EC07F00237F17 /* AFNetworkReachabilityManager.h */,
				2AF9162D1C1EC07F00237F17 /* AFNetworkReachabilityManager.m */,
				2AF9162E1C1EC07F00237F17 /* AFSecurityPolicy.h */,
				2AF9162F1C1EC07F00237F17 /* AFSecurityPolicy.m */,
				2AF916301C1EC07F00237F17 /* AFURLConnectionOperation.h */,
				2AF916311C1EC07F00237F17 /* AFURLConnectionOperation.m */,
				2AF916321C1EC07F00237F17 /* AFURLRequestSerialization.h */,
				2AF916331C1EC07F00237F17 /* AFURLRequestSerialization.m */,
				2AF916341C1EC07F00237F17 /* AFURLResponseSerialization.h */,
				2AF916351C1EC07F00237F17 /* AFURLResponseSerialization.m */,
				2AF916361C1EC07F00237F17 /* AFURLSessionManager.h */,
				2AF916371C1EC07F00237F17 /* AFURLSessionManager.m */,
			);
			path = AFNetworking;
			sourceTree = "<group>";
		};
		2AF916411C1EC4F400237F17 /* Utils */ = {
			isa = PBXGroup;
			children = (
				2AF916421C1EC4F400237F17 /* Constants.h */,
				2AF916431C1EC4F400237F17 /* Constants.m */,
				2AF916441C1EC4F400237F17 /* NetConnection.h */,
				2AF916451C1EC4F400237F17 /* NetConnection.m */,
				2AF916461C1EC4F400237F17 /* UrlConstants.h */,
				2AF916471C1EC4F400237F17 /* UrlConstants.m */,
				2AF916481C1EC4F400237F17 /* Utils.h */,
				2AF916491C1EC4F400237F17 /* Utils.m */,
			);
			path = Utils;
			sourceTree = "<group>";
		};
/* End PBXGroup section */

/* Begin PBXNativeTarget section */
		2AF915DF1C1EB0AA00237F17 /* ZhimingShop */ = {
			isa = PBXNativeTarget;
			buildConfigurationList = 2AF9160D1C1EB0AA00237F17 /* Build configuration list for PBXNativeTarget "ZhimingShop" */;
			buildPhases = (
				2AF915DC1C1EB0AA00237F17 /* Sources */,
				2AF915DD1C1EB0AA00237F17 /* Frameworks */,
				2AF915DE1C1EB0AA00237F17 /* Resources */,
			);
			buildRules = (
			);
			dependencies = (
			);
			name = ZhimingShop;
			productName = KaimingShop;
			productReference = 2AF915E01C1EB0AA00237F17 /* ZhimingShop.app */;
			productType = "com.apple.product-type.application";
		};
		2AF915F81C1EB0AA00237F17 /* ZhimingShopTests */ = {
			isa = PBXNativeTarget;
			buildConfigurationList = 2AF916101C1EB0AA00237F17 /* Build configuration list for PBXNativeTarget "ZhimingShopTests" */;
			buildPhases = (
				2AF915F51C1EB0AA00237F17 /* Sources */,
				2AF915F61C1EB0AA00237F17 /* Frameworks */,
				2AF915F71C1EB0AA00237F17 /* Resources */,
			);
			buildRules = (
			);
			dependencies = (
				2AF915FB1C1EB0AA00237F17 /* PBXTargetDependency */,
			);
			name = ZhimingShopTests;
			productName = KaimingShopTests;
			productReference = 2AF915F91C1EB0AA00237F17 /* ZhimingShopTests.xctest */;
			productType = "com.apple.product-type.bundle.unit-test";
		};
		2AF916031C1EB0AA00237F17 /* ZhimingShopUITests */ = {
			isa = PBXNativeTarget;
			buildConfigurationList = 2AF916131C1EB0AA00237F17 /* Build configuration list for PBXNativeTarget "ZhimingShopUITests" */;
			buildPhases = (
				2AF916001C1EB0AA00237F17 /* Sources */,
				2AF916011C1EB0AA00237F17 /* Frameworks */,
				2AF916021C1EB0AA00237F17 /* Resources */,
			);
			buildRules = (
			);
			dependencies = (
				2AF916061C1EB0AA00237F17 /* PBXTargetDependency */,
			);
			name = ZhimingShopUITests;
			productName = KaimingShopUITests;
			productReference = 2AF916041C1EB0AA00237F17 /* ZhimingShopUITests.xctest */;
			productType = "com.apple.product-type.bundle.ui-testing";
		};
/* End PBXNativeTarget section */

/* Begin PBXProject section */
		2AF915D81C1EB0AA00237F17 /* Project object */ = {
			isa = PBXProject;
			attributes = {
				LastUpgradeCheck = 0710;
				ORGANIZATIONNAME = gaoyani;
				TargetAttributes = {
					2AF915DF1C1EB0AA00237F17 = {
						CreatedOnToolsVersion = 7.1.1;
					};
					2AF915F81C1EB0AA00237F17 = {
						CreatedOnToolsVersion = 7.1.1;
						TestTargetID = 2AF915DF1C1EB0AA00237F17;
					};
					2AF916031C1EB0AA00237F17 = {
						CreatedOnToolsVersion = 7.1.1;
						TestTargetID = 2AF915DF1C1EB0AA00237F17;
					};
				};
			};
			buildConfigurationList = 2AF915DB1C1EB0AA00237F17 /* Build configuration list for PBXProject "ZhimingShop" */;
			compatibilityVersion = "Xcode 3.2";
			developmentRegion = English;
			hasScannedForEncodings = 0;
			knownRegions = (
				en,
				Base,
			);
			mainGroup = 2AF915D71C1EB0AA00237F17;
			productRefGroup = 2AF915E11C1EB0AA00237F17 /* Products */;
			projectDirPath = "";
			projectRoot = "";
			targets = (
				2AF915DF1C1EB0AA00237F17 /* ZhimingShop */,
				2AF915F81C1EB0AA00237F17 /* ZhimingShopTests */,
				2AF916031C1EB0AA00237F17 /* ZhimingShopUITests */,
			);
		};
/* End PBXProject section */

/* Begin PBXResourcesBuildPhase section */
		2AF915DE1C1EB0AA00237F17 /* Resources */ = {
			isa = PBXResourcesBuildPhase;
			buildActionMask = 2147483647;
			files = (
				2AF915F31C1EB0AA00237F17 /* LaunchScreen.storyboard in Resources */,
				2AEB14951C22A9BF007B85E9 /* ValueViewController.xib in Resources */,
				2AE7DF1A1C23ECFA00FCE112 /* DraftListViewController.xib in Resources */,
				2AE309131C2901E800E4B6D3 /* DraftTableViewCell.xib in Resources */,
				2AE48E1E1C1FB79300C75735 /* DataInputViewController.xib in Resources */,
				2AEB149A1C22B055007B85E9 /* BasicInfoViewController.xib in Resources */,
				2AE48E231C1FBACE00C75735 /* ParamsSettingViewController.xib in Resources */,
				2AF915F01C1EB0AA00237F17 /* Assets.xcassets in Resources */,
				2AEB148E1C22A5F7007B85E9 /* EmployeeViewController.xib in Resources */,
				2AE7DF0A1C23A2AC00FCE112 /* OutputViewController.xib in Resources */,
				2AF915EE1C1EB0AA00237F17 /* Main.storyboard in Resources */,
				2AE7DF151C23A85800FCE112 /* ChoseViewController.xib in Resources */,
				2AE48E2B1C1FEB9300C75735 /* HistoryViewController.xib in Resources */,
				2AEB14901C22A7FE007B85E9 /* CostViewController.xib in Resources */,
			);
			runOnlyForDeploymentPostprocessing = 0;
		};
		2AF915F71C1EB0AA00237F17 /* Resources */ = {
			isa = PBXResourcesBuildPhase;
			buildActionMask = 2147483647;
			files = (
			);
			runOnlyForDeploymentPostprocessing = 0;
		};
		2AF916021C1EB0AA00237F17 /* Resources */ = {
			isa = PBXResourcesBuildPhase;
			buildActionMask = 2147483647;
			files = (
			);
			runOnlyForDeploymentPostprocessing = 0;
		};
/* End PBXResourcesBuildPhase section */

/* Begin PBXSourcesBuildPhase section */
		2AF915DC1C1EB0AA00237F17 /* Sources */ = {
			isa = PBXSourcesBuildPhase;
			buildActionMask = 2147483647;
			files = (
				2A00267A1C213F53003FD9D7 /* OtherInfo.m in Sources */,
				2A0026771C213CA2003FD9D7 /* EmployeeInfo.m in Sources */,
				2AF9163D1C1EC07F00237F17 /* AFURLConnectionOperation.m in Sources */,
				2AEC26361C2BCE4500B42978 /* CalculateTask.m in Sources */,
				2AE48E221C1FBACE00C75735 /* ParamsSettingViewController.m in Sources */,
				2AE48E261C1FE9CD00C75735 /* RootViewController.m in Sources */,
				2AE309121C2901E800E4B6D3 /* DraftTableViewCell.m in Sources */,
				2AE7DF1D1C24027C00FCE112 /* FileInfo.m in Sources */,
				2AF916221C1EB11800237F17 /* MMDrawerVisualState.m in Sources */,
				2AEB148C1C22A5F7007B85E9 /* CostViewController.m in Sources */,
				2AF915EB1C1EB0AA00237F17 /* LoginViewController.m in Sources */,
				2AF9164D1C1EC4F400237F17 /* Utils.m in Sources */,
				2AE48E191C1FACC700C75735 /* LeftMenuViewController.m in Sources */,
				2AE7DF191C23ECFA00FCE112 /* DraftListViewController.m in Sources */,
				2AF916231C1EB11800237F17 /* UIViewController+MMDrawerController.m in Sources */,
				2AE7DF091C23A2AC00FCE112 /* OutputViewController.m in Sources */,
				2AE48E2A1C1FEB9300C75735 /* HistoryViewController.m in Sources */,
				2AE7DF0D1C23A68500FCE112 /* OutputInfo.m in Sources */,
				2AEB14941C22A9BF007B85E9 /* ValueViewController.m in Sources */,
				2AE48E2E1C2004A100C75735 /* BaseViewController.m in Sources */,
				2AEC26371C2BCE4500B42978 /* LoginTask.m in Sources */,
				2AF9163F1C1EC07F00237F17 /* AFURLResponseSerialization.m in Sources */,
				2AF9164B1C1EC4F400237F17 /* NetConnection.m in Sources */,
				2AF916211C1EB11800237F17 /* MMDrawerController.m in Sources */,
				2AF9163E1C1EC07F00237F17 /* AFURLRequestSerialization.m in Sources */,
				2AF9163C1C1EC07F00237F17 /* AFSecurityPolicy.m in Sources */,
				2AE48E1D1C1FB79300C75735 /* DataInputViewController.m in Sources */,
				2AEB148D1C22A5F7007B85E9 /* EmployeeViewController.m in Sources */,
				2AF9164A1C1EC4F400237F17 /* Constants.m in Sources */,
				2AF916381C1EC07F00237F17 /* AFHTTPRequestOperation.m in Sources */,
				2AF916401C1EC07F00237F17 /* AFURLSessionManager.m in Sources */,
				2AF916201C1EB11800237F17 /* MMDrawerBarButtonItem.m in Sources */,
				2AEB14991C22B055007B85E9 /* BasicInfoViewController.m in Sources */,
				2A00267D1C213FA8003FD9D7 /* BasicInfo.m in Sources */,
				2AE7DF141C23A85800FCE112 /* ChoseViewController.m in Sources */,
				2AF915E81C1EB0AA00237F17 /* AppDelegate.m in Sources */,
				2AF9163A1C1EC07F00237F17 /* AFHTTPSessionManager.m in Sources */,
				2AF915E51C1EB0AA00237F17 /* main.m in Sources */,
				2AF9163B1C1EC07F00237F17 /* AFNetworkReachabilityManager.m in Sources */,
				2AF916391C1EC07F00237F17 /* AFHTTPRequestOperationManager.m in Sources */,
				2AF9164C1C1EC4F400237F17 /* UrlConstants.m in Sources */,
			);
			runOnlyForDeploymentPostprocessing = 0;
		};
		2AF915F51C1EB0AA00237F17 /* Sources */ = {
			isa = PBXSourcesBuildPhase;
			buildActionMask = 2147483647;
			files = (
			);
			runOnlyForDeploymentPostprocessing = 0;
		};
		2AF916001C1EB0AA00237F17 /* Sources */ = {
			isa = PBXSourcesBuildPhase;
			buildActionMask = 2147483647;
			files = (
			);
			runOnlyForDeploymentPostprocessing = 0;
		};
/* End PBXSourcesBuildPhase section */

/* Begin PBXTargetDependency section */
		2AF915FB1C1EB0AA00237F17 /* PBXTargetDependency */ = {
			isa = PBXTargetDependency;
			target = 2AF915DF1C1EB0AA00237F17 /* ZhimingShop */;
			targetProxy = 2AF915FA1C1EB0AA00237F17 /* PBXContainerItemProxy */;
		};
		2AF916061C1EB0AA00237F17 /* PBXTargetDependency */ = {
			isa = PBXTargetDependency;
			target = 2AF915DF1C1EB0AA00237F17 /* ZhimingShop */;
			targetProxy = 2AF916051C1EB0AA00237F17 /* PBXContainerItemProxy */;
		};
/* End PBXTargetDependency section */

/* Begin PBXVariantGroup section */
		2AF915EC1C1EB0AA00237F17 /* Main.storyboard */ = {
			isa = PBXVariantGroup;
			children = (
				2AF915ED1C1EB0AA00237F17 /* Base */,
			);
			name = Main.storyboard;
			sourceTree = "<group>";
		};
		2AF915F11C1EB0AA00237F17 /* LaunchScreen.storyboard */ = {
			isa = PBXVariantGroup;
			children = (
				2AF915F21C1EB0AA00237F17 /* Base */,
			);
			name = LaunchScreen.storyboard;
			sourceTree = "<group>";
		};
/* End PBXVariantGroup section */

/* Begin XCBuildConfiguration section */
		2AF9160B1C1EB0AA00237F17 /* Debug */ = {
			isa = XCBuildConfiguration;
			buildSettings = {
				ALWAYS_SEARCH_USER_PATHS = NO;
				CLANG_CXX_LANGUAGE_STANDARD = "gnu++0x";
				CLANG_CXX_LIBRARY = "libc++";
				CLANG_ENABLE_MODULES = YES;
				CLANG_ENABLE_OBJC_ARC = YES;
				CLANG_WARN_BOOL_CONVERSION = YES;
				CLANG_WARN_CONSTANT_CONVERSION = YES;
				CLANG_WARN_DIRECT_OBJC_ISA_USAGE = YES_ERROR;
				CLANG_WARN_EMPTY_BODY = YES;
				CLANG_WARN_ENUM_CONVERSION = YES;
				CLANG_WARN_INT_CONVERSION = YES;
				CLANG_WARN_OBJC_ROOT_CLASS = YES_ERROR;
				CLANG_WARN_UNREACHABLE_CODE = YES;
				CLANG_WARN__DUPLICATE_METHOD_MATCH = YES;
				"CODE_SIGN_IDENTITY[sdk=iphoneos*]" = "iPhone Developer";
				COPY_PHASE_STRIP = NO;
				DEBUG_INFORMATION_FORMAT = dwarf;
				ENABLE_STRICT_OBJC_MSGSEND = YES;
				ENABLE_TESTABILITY = YES;
				GCC_C_LANGUAGE_STANDARD = gnu99;
				GCC_DYNAMIC_NO_PIC = NO;
				GCC_NO_COMMON_BLOCKS = YES;
				GCC_OPTIMIZATION_LEVEL = 0;
				GCC_PREPROCESSOR_DEFINITIONS = (
					"DEBUG=1",
					"$(inherited)",
				);
				GCC_WARN_64_TO_32_BIT_CONVERSION = YES;
				GCC_WARN_ABOUT_RETURN_TYPE = YES_ERROR;
				GCC_WARN_UNDECLARED_SELECTOR = YES;
				GCC_WARN_UNINITIALIZED_AUTOS = YES_AGGRESSIVE;
				GCC_WARN_UNUSED_FUNCTION = YES;
				GCC_WARN_UNUSED_VARIABLE = YES;
				IPHONEOS_DEPLOYMENT_TARGET = 9.1;
				MTL_ENABLE_DEBUG_INFO = YES;
				ONLY_ACTIVE_ARCH = YES;
				SDKROOT = iphoneos;
				TARGETED_DEVICE_FAMILY = "1,2";
			};
			name = Debug;
		};
		2AF9160C1C1EB0AA00237F17 /* Release */ = {
			isa = XCBuildConfiguration;
			buildSettings = {
				ALWAYS_SEARCH_USER_PATHS = NO;
				CLANG_CXX_LANGUAGE_STANDARD = "gnu++0x";
				CLANG_CXX_LIBRARY = "libc++";
				CLANG_ENABLE_MODULES = YES;
				CLANG_ENABLE_OBJC_ARC = YES;
				CLANG_WARN_BOOL_CONVERSION = YES;
				CLANG_WARN_CONSTANT_CONVERSION = YES;
				CLANG_WARN_DIRECT_OBJC_ISA_USAGE = YES_ERROR;
				CLANG_WARN_EMPTY_BODY = YES;
				CLANG_WARN_ENUM_CONVERSION = YES;
				CLANG_WARN_INT_CONVERSION = YES;
				CLANG_WARN_OBJC_ROOT_CLASS = YES_ERROR;
				CLANG_WARN_UNREACHABLE_CODE = YES;
				CLANG_WARN__DUPLICATE_METHOD_MATCH = YES;
				"CODE_SIGN_IDENTITY[sdk=iphoneos*]" = "iPhone Developer";
				COPY_PHASE_STRIP = NO;
				DEBUG_INFORMATION_FORMAT = "dwarf-with-dsym";
				ENABLE_NS_ASSERTIONS = NO;
				ENABLE_STRICT_OBJC_MSGSEND = YES;
				GCC_C_LANGUAGE_STANDARD = gnu99;
				GCC_NO_COMMON_BLOCKS = YES;
				GCC_WARN_64_TO_32_BIT_CONVERSION = YES;
				GCC_WARN_ABOUT_RETURN_TYPE = YES_ERROR;
				GCC_WARN_UNDECLARED_SELECTOR = YES;
				GCC_WARN_UNINITIALIZED_AUTOS = YES_AGGRESSIVE;
				GCC_WARN_UNUSED_FUNCTION = YES;
				GCC_WARN_UNUSED_VARIABLE = YES;
				IPHONEOS_DEPLOYMENT_TARGET = 9.1;
				MTL_ENABLE_DEBUG_INFO = NO;
				SDKROOT = iphoneos;
				TARGETED_DEVICE_FAMILY = "1,2";
				VALIDATE_PRODUCT = YES;
			};
			name = Release;
		};
		2AF9160E1C1EB0AA00237F17 /* Debug */ = {
			isa = XCBuildConfiguration;
			buildSettings = {
				ASSETCATALOG_COMPILER_APPICON_NAME = AppIcon;
				INFOPLIST_FILE = "$(SRCROOT)/ZhiimingShop/Info.plist";
				IPHONEOS_DEPLOYMENT_TARGET = 6.1;
				LD_RUNPATH_SEARCH_PATHS = "$(inherited) @executable_path/Frameworks";
				PRODUCT_BUNDLE_IDENTIFIER = allwaywinning.ZhimingShop;
				PRODUCT_NAME = "$(TARGET_NAME)";
				PROVISIONING_PROFILE = "80456cec-5405-4286-96fd-47206fd3694b";
				TARGETED_DEVICE_FAMILY = "1,2";
			};
			name = Debug;
		};
		2AF9160F1C1EB0AA00237F17 /* Release */ = {
			isa = XCBuildConfiguration;
			buildSettings = {
				ASSETCATALOG_COMPILER_APPICON_NAME = AppIcon;
				INFOPLIST_FILE = "$(SRCROOT)/ZhiimingShop/Info.plist";
				IPHONEOS_DEPLOYMENT_TARGET = 6.1;
				LD_RUNPATH_SEARCH_PATHS = "$(inherited) @executable_path/Frameworks";
				PRODUCT_BUNDLE_IDENTIFIER = allwaywinning.ZhimingShop;
				PRODUCT_NAME = "$(TARGET_NAME)";
				PROVISIONING_PROFILE = "80456cec-5405-4286-96fd-47206fd3694b";
				TARGETED_DEVICE_FAMILY = "1,2";
			};
			name = Release;
		};
		2AF916111C1EB0AA00237F17 /* Debug */ = {
			isa = XCBuildConfiguration;
			buildSettings = {
				BUNDLE_LOADER = "$(TEST_HOST)";
				INFOPLIST_FILE = KaimingShopTests/Info.plist;
				LD_RUNPATH_SEARCH_PATHS = "$(inherited) @executable_path/Frameworks @loader_path/Frameworks";
				PRODUCT_BUNDLE_IDENTIFIER = allwaywinning.KaimingShopTests;
				PRODUCT_NAME = "$(TARGET_NAME)";
				TEST_HOST = "$(BUILT_PRODUCTS_DIR)/ZhimingShop.app/ZhimingShop";
			};
			name = Debug;
		};
		2AF916121C1EB0AA00237F17 /* Release */ = {
			isa = XCBuildConfiguration;
			buildSettings = {
				BUNDLE_LOADER = "$(TEST_HOST)";
				INFOPLIST_FILE = KaimingShopTests/Info.plist;
				LD_RUNPATH_SEARCH_PATHS = "$(inherited) @executable_path/Frameworks @loader_path/Frameworks";
				PRODUCT_BUNDLE_IDENTIFIER = allwaywinning.KaimingShopTests;
				PRODUCT_NAME = "$(TARGET_NAME)";
				TEST_HOST = "$(BUILT_PRODUCTS_DIR)/ZhimingShop.app/ZhimingShop";
			};
			name = Release;
		};
		2AF916141C1EB0AA00237F17 /* Debug */ = {
			isa = XCBuildConfiguration;
			buildSettings = {
				INFOPLIST_FILE = KaimingShopUITests/Info.plist;
				LD_RUNPATH_SEARCH_PATHS = "$(inherited) @executable_path/Frameworks @loader_path/Frameworks";
				PRODUCT_BUNDLE_IDENTIFIER = allwaywinning.KaimingShopUITests;
				PRODUCT_NAME = "$(TARGET_NAME)";
				TEST_TARGET_NAME = KaimingShop;
				USES_XCTRUNNER = YES;
			};
			name = Debug;
		};
		2AF916151C1EB0AA00237F17 /* Release */ = {
			isa = XCBuildConfiguration;
			buildSettings = {
				INFOPLIST_FILE = KaimingShopUITests/Info.plist;
				LD_RUNPATH_SEARCH_PATHS = "$(inherited) @executable_path/Frameworks @loader_path/Frameworks";
				PRODUCT_BUNDLE_IDENTIFIER = allwaywinning.KaimingShopUITests;
				PRODUCT_NAME = "$(TARGET_NAME)";
				TEST_TARGET_NAME = KaimingShop;
				USES_XCTRUNNER = YES;
			};
			name = Release;
		};
/* End XCBuildConfiguration section */

/* Begin XCConfigurationList section */
		2AF915DB1C1EB0AA00237F17 /* Build configuration list for PBXProject "ZhimingShop" */ = {
			isa = XCConfigurationList;
			buildConfigurations = (
				2AF9160B1C1EB0AA00237F17 /* Debug */,
				2AF9160C1C1EB0AA00237F17 /* Release */,
			);
			defaultConfigurationIsVisible = 0;
			defaultConfigurationName = Release;
		};
		2AF9160D1C1EB0AA00237F17 /* Build configuration list for PBXNativeTarget "ZhimingShop" */ = {
			isa = XCConfigurationList;
			buildConfigurations = (
				2AF9160E1C1EB0AA00237F17 /* Debug */,
				2AF9160F1C1EB0AA00237F17 /* Release */,
			);
			defaultConfigurationIsVisible = 0;
			defaultConfigurationName = Release;
		};
		2AF916101C1EB0AA00237F17 /* Build configuration list for PBXNativeTarget "ZhimingShopTests" */ = {
			isa = XCConfigurationList;
			buildConfigurations = (
				2AF916111C1EB0AA00237F17 /* Debug */,
				2AF916121C1EB0AA00237F17 /* Release */,
			);
			defaultConfigurationIsVisible = 0;
			defaultConfigurationName = Release;
		};
		2AF916131C1EB0AA00237F17 /* Build configuration list for PBXNativeTarget "ZhimingShopUITests" */ = {
			isa = XCConfigurationList;
			buildConfigurations = (
				2AF916141C1EB0AA00237F17 /* Debug */,
				2AF916151C1EB0AA00237F17 /* Release */,
			);
			defaultConfigurationIsVisible = 0;
			defaultConfigurationName = Release;
		};
/* End XCConfigurationList section */
	};
	rootObject = 2AF915D81C1EB0AA00237F17 /* Project object */;
}
